{
  "name": "tomkerkhove-azure-sre-agent-plugin-installer",
  "version": "1.0.0",
  "lockfileVersion": 3,
  "requires": true,
  "packages": {
    "": {
      "name": "tomkerkhove-azure-sre-agent-plugin-installer",
      "version": "1.0.0",
      "license": "MIT",
      "dependencies": {
        "@azure/msal-browser": "5.22.0"
      }
    },
    "node_modules/@azure/msal-browser": {
      "version": "5.22.0",
      "resolved": "https://registry.npmjs.org/@azure/msal-browser/-/msal-browser-5.22.0.tgz",
      "integrity": "sha512-5kgu9xeEKgGc2JeidxAtU15NJTqiH/CMCRRQAJ4Rac56kB7KVg91vbNmn+z3RO1vNomPN69UvjKG9h1Pghx6dQ==",
      "license": "MIT",
      "dependencies": {
        "@azure/msal-common": "16.14.1"
      },
      "engines": {
        "node": ">=0.8.0"
      }
    },
    "node_modules/@azure/msal-common": {
      "version": "16.14.1",
      "resolved": "https://registry.npmjs.org/@azure/msal-common/-/msal-common-16.14.1.tgz",
      "integrity": "sha512-Or6xhPNyi4zHW25158yxBoyxuCqNSPa5YBVqfF1J5Ks4MJWBo/USXdp05DQIPu1Zli00YZu6t0+h6KvHJealxQ==",
      "license": "MIT",
      "engines": {
        "node": ">=0.8.0"
      }
    }
  }
}
